
Microsoft Visual Studio Solution File, Format Version 12.00
# Visual Studio Version 17
VisualStudioVersion = 17.14.36705.20 d17.14
MinimumVisualStudioVersion = 10.0.40219.1
Project("{FAE04EC0-301F-11D3-BF4B-00C04F79EFBC}") = "JegyekCon", "JegyekCon\JegyekCon.csproj", "{22F5E8E6-66C7-496A-AB0B-AF811C0239DB}"
EndProject
Project("{FAE04EC0-301F-11D3-BF4B-00C04F79EFBC}") = "TanulokClassLibrary", "TanulokClassLibrary\TanulokClassLibrary.csproj", "{D66326F2-AFB5-4492-80CE-AEAE5725B88C}"
EndProject
Global
	GlobalSection(SolutionConfigurationPlatforms) = preSolution
		Debug|Any CPU = Debug|Any CPU
		Release|Any CPU = Release|Any CPU
	EndGlobalSection
	GlobalSection(ProjectConfigurationPlatforms) = postSolution
		{22F5E8E6-66C7-496A-AB0B-AF811C0239DB}.Debug|Any CPU.ActiveCfg = Debug|Any CPU
		{22F5E8E6-66C7-496A-AB0B-AF811C0239DB}.Debug|Any CPU.Build.0 = Debug|Any CPU
		{22F5E8E6-66C7-496A-AB0B-AF811C0239DB}.Release|Any CPU.ActiveCfg = Release|Any CPU
		{22F5E8E6-66C7-496A-AB0B-AF811C0239DB}.Release|Any CPU.Build.0 = Release|Any CPU
		{D66326F2-AFB5-4492-80CE-AEAE5725B88C}.Debug|Any CPU.ActiveCfg = Debug|Any CPU
		{D66326F2-AFB5-4492-80CE-AEAE5725B88C}.Debug|Any CPU.Build.0 = Debug|Any CPU
		{D66326F2-AFB5-4492-80CE-AEAE5725B88C}.Release|Any CPU.ActiveCfg = Release|Any CPU
		{D66326F2-AFB5-4492-80CE-AEAE5725B88C}.Release|Any CPU.Build.0 = Release|Any CPU
	EndGlobalSection
	GlobalSection(SolutionProperties) = preSolution
		HideSolutionNode = FALSE
	EndGlobalSection
	GlobalSection(ExtensibilityGlobals) = postSolution
		SolutionGuid = {5D6F982E-79F3-4351-96AD-7D25356F7DA5}
	EndGlobalSection
EndGlobal
